
Microsoft Visual Studio Solution File, Format Version 12.00
# Visual Studio Version 17
VisualStudioVersion = 17.3.32922.545
MinimumVisualStudioVersion = 10.0.40219.1
Project("{FAE04EC0-301F-11D3-BF4B-00C04F79EFBC}") = "SistemaInventario", "SistemaInventario\SistemaInventario.csproj", "{7DFFFFD7-EB01-410C-9183-58D8DB1C6642}"
EndProject
Global
	GlobalSection(SolutionConfigurationPlatforms) = preSolution
		Debug|Any CPU = Debug|Any CPU
		Release|Any CPU = Release|Any CPU
	EndGlobalSection
	GlobalSection(ProjectConfigurationPlatforms) = postSolution
		{7DFFFFD7-EB01-410C-9183-58D8DB1C6642}.Debug|Any CPU.ActiveCfg = Debug|Any CPU
		{7DFFFFD7-EB01-410C-9183-58D8DB1C6642}.Debug|Any CPU.Build.0 = Debug|Any CPU
		{7DFFFFD7-EB01-410C-9183-58D8DB1C6642}.Release|Any CPU.ActiveCfg = Release|Any CPU
		{7DFFFFD7-EB01-410C-9183-58D8DB1C6642}.Release|Any CPU.Build.0 = Release|Any CPU
	EndGlobalSection
	GlobalSection(SolutionProperties) = preSolution
		HideSolutionNode = FALSE
	EndGlobalSection
	GlobalSection(ExtensibilityGlobals) = postSolution
		SolutionGuid = {24795EAF-F8E5-438A-B57B-9359A74D0419}
	EndGlobalSection
EndGlobal
